
Microsoft Visual Studio Solution File, Format Version 12.00
# Visual Studio Version 16
VisualStudioVersion = 16.0.30225.117
MinimumVisualStudioVersion = 10.0.40219.1
Project("{FAE04EC0-301F-11D3-BF4B-00C04F79EFBC}") = "ProtocoloSimulator", "ProtocoloSimulator\ProtocoloSimulator.csproj", "{9056B025-F619-4994-A2E4-C69C37C3DE51}"
EndProject
Global
	GlobalSection(SolutionConfigurationPlatforms) = preSolution
		Debug|Any CPU = Debug|Any CPU
		Release|Any CPU = Release|Any CPU
	EndGlobalSection
	GlobalSection(ProjectConfigurationPlatforms) = postSolution
		{9056B025-F619-4994-A2E4-C69C37C3DE51}.Debug|Any CPU.ActiveCfg = Debug|Any CPU
		{9056B025-F619-4994-A2E4-C69C37C3DE51}.Debug|Any CPU.Build.0 = Debug|Any CPU
		{9056B025-F619-4994-A2E4-C69C37C3DE51}.Release|Any CPU.ActiveCfg = Release|Any CPU
		{9056B025-F619-4994-A2E4-C69C37C3DE51}.Release|Any CPU.Build.0 = Release|Any CPU
	EndGlobalSection
	GlobalSection(SolutionProperties) = preSolution
		HideSolutionNode = FALSE
	EndGlobalSection
	GlobalSection(ExtensibilityGlobals) = postSolution
		SolutionGuid = {3122FCE0-6D4F-4BE5-845A-BEC0075031B4}
	EndGlobalSection
EndGlobal
